
Microsoft Visual Studio Solution File, Format Version 12.00
# Visual Studio Version 17
VisualStudioVersion = 17.4.33213.308
MinimumVisualStudioVersion = 10.0.40219.1
Project("{FAE04EC0-301F-11D3-BF4B-00C04F79EFBC}") = "ProEventos", "ProEventos\ProEventos.csproj", "{D8015C3C-E6F0-4311-A3C9-042066D636DC}"
EndProject
Global
	GlobalSection(SolutionConfigurationPlatforms) = preSolution
		Debug|Any CPU = Debug|Any CPU
		Release|Any CPU = Release|Any CPU
	EndGlobalSection
	GlobalSection(ProjectConfigurationPlatforms) = postSolution
		{D8015C3C-E6F0-4311-A3C9-042066D636DC}.Debug|Any CPU.ActiveCfg = Debug|Any CPU
		{D8015C3C-E6F0-4311-A3C9-042066D636DC}.Debug|Any CPU.Build.0 = Debug|Any CPU
		{D8015C3C-E6F0-4311-A3C9-042066D636DC}.Release|Any CPU.ActiveCfg = Release|Any CPU
		{D8015C3C-E6F0-4311-A3C9-042066D636DC}.Release|Any CPU.Build.0 = Release|Any CPU
	EndGlobalSection
	GlobalSection(SolutionProperties) = preSolution
		HideSolutionNode = FALSE
	EndGlobalSection
	GlobalSection(ExtensibilityGlobals) = postSolution
		SolutionGuid = {7A0A5771-17D2-4BAE-AD9C-3D26BC669923}
	EndGlobalSection
EndGlobal
